PODS:
  - Alamofire (5.4.1)
  - Cache (5.3.0)
  - Moya (14.0.0):
    - Moya/Core (= 14.0.0)
  - Moya/Core (14.0.0):
    - Alamofire (~> 5.0)
  - YQNetworking (0.1.0):
    - Cache
    - Moya

DEPENDENCIES:
  - YQNetworking (from `../`)

SPEC REPOS:
  https://github.com/CocoaPods/Specs.git:
    - Alamofire
    - Cache
    - Moya

EXTERNAL SOURCES:
  YQNetworking:
    :path: "../"

SPEC CHECKSUMS:
  Alamofire: 2291f7d21ca607c491dd17642e5d40fdcda0e65c
  Cache: 48762993ec44e1d93483c4d4a13edd18452326f4
  Moya: 5b45dacb75adb009f97fde91c204c1e565d31916
  YQNetworking: 63a214c65754ae5c1dd2a7f257bc934c895a15bf

PODFILE CHECKSUM: 975a4cbbb75fc8d0d8a97c8a15ba483477a228b7

COCOAPODS: 1.11.2
